
Microsoft Visual Studio Solution File, Format Version 12.00
# Visual Studio 2013
VisualStudioVersion = 12.0.30723.0
MinimumVisualStudioVersion = 10.0.40219.1
Project("{FAE04EC0-301F-11D3-BF4B-00C04F79EFBC}") = "Algoritms", "ConsoleApplication4\Algoritms.csproj", "{EBB0A2EC-BF1F-40A8-B4DE-F020F09824C5}"
EndProject
Project("{FAE04EC0-301F-11D3-BF4B-00C04F79EFBC}") = "BubbleSort", "ConsoleApplication1\BubbleSort.csproj", "{DEB61703-F6E2-4F49-89AD-597629E370B7}"
EndProject
Project("{FAE04EC0-301F-11D3-BF4B-00C04F79EFBC}") = "CoctailSort", "CoctailSort\CoctailSort.csproj", "{991B1471-A8BA-4979-8216-83E278894FEC}"
EndProject
Project("{FAE04EC0-301F-11D3-BF4B-00C04F79EFBC}") = "MergeSort", "MergeSort\MergeSort.csproj", "{6A535124-0A4D-447A-8230-1C4316674E4F}"
EndProject
Project("{FAE04EC0-301F-11D3-BF4B-00C04F79EFBC}") = "SelectionSort", "SelectionSort\SelectionSort.csproj", "{493A64B2-3E2F-4D8A-8094-0B2D78DB929C}"
EndProject
Project("{FAE04EC0-301F-11D3-BF4B-00C04F79EFBC}") = "AdditionalFunctions", "AdditionalFunctions\AdditionalFunctions.csproj", "{DE47B02B-E092-400D-8266-40FDBC11545F}"
EndProject
Global
	GlobalSection(SolutionConfigurationPlatforms) = preSolution
		Debug|Any CPU = Debug|Any CPU
		Release|Any CPU = Release|Any CPU
	EndGlobalSection
	GlobalSection(ProjectConfigurationPlatforms) = postSolution
		{EBB0A2EC-BF1F-40A8-B4DE-F020F09824C5}.Debug|Any CPU.ActiveCfg = Debug|Any CPU
		{EBB0A2EC-BF1F-40A8-B4DE-F020F09824C5}.Debug|Any CPU.Build.0 = Debug|Any CPU
		{EBB0A2EC-BF1F-40A8-B4DE-F020F09824C5}.Release|Any CPU.ActiveCfg = Release|Any CPU
		{EBB0A2EC-BF1F-40A8-B4DE-F020F09824C5}.Release|Any CPU.Build.0 = Release|Any CPU
		{DEB61703-F6E2-4F49-89AD-597629E370B7}.Debug|Any CPU.ActiveCfg = Debug|Any CPU
		{DEB61703-F6E2-4F49-89AD-597629E370B7}.Debug|Any CPU.Build.0 = Debug|Any CPU
		{DEB61703-F6E2-4F49-89AD-597629E370B7}.Release|Any CPU.ActiveCfg = Release|Any CPU
		{DEB61703-F6E2-4F49-89AD-597629E370B7}.Release|Any CPU.Build.0 = Release|Any CPU
		{991B1471-A8BA-4979-8216-83E278894FEC}.Debug|Any CPU.ActiveCfg = Debug|Any CPU
		{991B1471-A8BA-4979-8216-83E278894FEC}.Debug|Any CPU.Build.0 = Debug|Any CPU
		{991B1471-A8BA-4979-8216-83E278894FEC}.Release|Any CPU.ActiveCfg = Release|Any CPU
		{991B1471-A8BA-4979-8216-83E278894FEC}.Release|Any CPU.Build.0 = Release|Any CPU
		{6A535124-0A4D-447A-8230-1C4316674E4F}.Debug|Any CPU.ActiveCfg = Debug|Any CPU
		{6A535124-0A4D-447A-8230-1C4316674E4F}.Debug|Any CPU.Build.0 = Debug|Any CPU
		{6A535124-0A4D-447A-8230-1C4316674E4F}.Release|Any CPU.ActiveCfg = Release|Any CPU
		{6A535124-0A4D-447A-8230-1C4316674E4F}.Release|Any CPU.Build.0 = Release|Any CPU
		{493A64B2-3E2F-4D8A-8094-0B2D78DB929C}.Debug|Any CPU.ActiveCfg = Debug|Any CPU
		{493A64B2-3E2F-4D8A-8094-0B2D78DB929C}.Debug|Any CPU.Build.0 = Debug|Any CPU
		{493A64B2-3E2F-4D8A-8094-0B2D78DB929C}.Release|Any CPU.ActiveCfg = Release|Any CPU
		{493A64B2-3E2F-4D8A-8094-0B2D78DB929C}.Release|Any CPU.Build.0 = Release|Any CPU
		{DE47B02B-E092-400D-8266-40FDBC11545F}.Debug|Any CPU.ActiveCfg = Debug|Any CPU
		{DE47B02B-E092-400D-8266-40FDBC11545F}.Debug|Any CPU.Build.0 = Debug|Any CPU
		{DE47B02B-E092-400D-8266-40FDBC11545F}.Release|Any CPU.ActiveCfg = Release|Any CPU
		{DE47B02B-E092-400D-8266-40FDBC11545F}.Release|Any CPU.Build.0 = Release|Any CPU
	EndGlobalSection
	GlobalSection(SolutionProperties) = preSolution
		HideSolutionNode = FALSE
	EndGlobalSection
EndGlobal
